
Microsoft Visual Studio Solution File, Format Version 12.00
# Visual Studio 15
VisualStudioVersion = 15.0.27703.2018
MinimumVisualStudioVersion = 10.0.40219.1
Project("{FAE04EC0-301F-11D3-BF4B-00C04F79EFBC}") = "EmployeeDirectory.Android", "EmployeeDirectory\EmployeeDirectory.Android\EmployeeDirectory.Android.csproj", "{39AF457C-2C79-4C10-BB86-44B8E1DC7F1A}"
EndProject
Project("{FAE04EC0-301F-11D3-BF4B-00C04F79EFBC}") = "EmployeeDirectory", "EmployeeDirectory\EmployeeDirectory\EmployeeDirectory.csproj", "{4AF49F06-E880-4B7A-AA96-56AD70B97BC6}"
EndProject
Global
	GlobalSection(SolutionConfigurationPlatforms) = preSolution
		Debug|Any CPU = Debug|Any CPU
		Release|Any CPU = Release|Any CPU
	EndGlobalSection
	GlobalSection(ProjectConfigurationPlatforms) = postSolution
		{39AF457C-2C79-4C10-BB86-44B8E1DC7F1A}.Debug|Any CPU.ActiveCfg = Debug|Any CPU
		{39AF457C-2C79-4C10-BB86-44B8E1DC7F1A}.Debug|Any CPU.Build.0 = Debug|Any CPU
		{39AF457C-2C79-4C10-BB86-44B8E1DC7F1A}.Debug|Any CPU.Deploy.0 = Debug|Any CPU
		{39AF457C-2C79-4C10-BB86-44B8E1DC7F1A}.Release|Any CPU.ActiveCfg = Release|Any CPU
		{39AF457C-2C79-4C10-BB86-44B8E1DC7F1A}.Release|Any CPU.Build.0 = Release|Any CPU
		{39AF457C-2C79-4C10-BB86-44B8E1DC7F1A}.Release|Any CPU.Deploy.0 = Release|Any CPU
		{4AF49F06-E880-4B7A-AA96-56AD70B97BC6}.Debug|Any CPU.ActiveCfg = Debug|Any CPU
		{4AF49F06-E880-4B7A-AA96-56AD70B97BC6}.Debug|Any CPU.Build.0 = Debug|Any CPU
		{4AF49F06-E880-4B7A-AA96-56AD70B97BC6}.Debug|Any CPU.Deploy.0 = Debug|Any CPU
		{4AF49F06-E880-4B7A-AA96-56AD70B97BC6}.Release|Any CPU.ActiveCfg = Release|Any CPU
		{4AF49F06-E880-4B7A-AA96-56AD70B97BC6}.Release|Any CPU.Build.0 = Release|Any CPU
		{4AF49F06-E880-4B7A-AA96-56AD70B97BC6}.Release|Any CPU.Deploy.0 = Release|Any CPU
	EndGlobalSection
	GlobalSection(SolutionProperties) = preSolution
		HideSolutionNode = FALSE
	EndGlobalSection
	GlobalSection(ExtensibilityGlobals) = postSolution
		SolutionGuid = {A538FFCA-7A25-4429-B906-45DDA16B97AF}
	EndGlobalSection
EndGlobal
